
Microsoft Visual Studio Solution File, Format Version 12.00
# Visual Studio Version 17
VisualStudioVersion = 17.0.31919.166
MinimumVisualStudioVersion = 10.0.40219.1
Project("{9A19103F-16F7-4668-BE54-9A1E7A4F7556}") = "api", "api\api.csproj", "{D01A2374-6D79-4D4C-9FED-4F6E62D28705}"
EndProject
Global
	GlobalSection(SolutionConfigurationPlatforms) = preSolution
		Debug|Any CPU = Debug|Any CPU
		Release|Any CPU = Release|Any CPU
	EndGlobalSection
	GlobalSection(ProjectConfigurationPlatforms) = postSolution
		{D01A2374-6D79-4D4C-9FED-4F6E62D28705}.Debug|Any CPU.ActiveCfg = Debug|Any CPU
		{D01A2374-6D79-4D4C-9FED-4F6E62D28705}.Debug|Any CPU.Build.0 = Debug|Any CPU
		{D01A2374-6D79-4D4C-9FED-4F6E62D28705}.Release|Any CPU.ActiveCfg = Release|Any CPU
		{D01A2374-6D79-4D4C-9FED-4F6E62D28705}.Release|Any CPU.Build.0 = Release|Any CPU
	EndGlobalSection
	GlobalSection(SolutionProperties) = preSolution
		HideSolutionNode = FALSE
	EndGlobalSection
	GlobalSection(ExtensibilityGlobals) = postSolution
		SolutionGuid = {D4AF7233-0917-4280-B656-B9B050DB9A88}
	EndGlobalSection
EndGlobal
